
Microsoft Visual Studio Solution File, Format Version 11.00
# Visual C# Express 2010
Project("{FAE04EC0-301F-11D3-BF4B-00C04F79EFBC}") = "EUREKA", "EUREKA\EUREKA.csproj", "{1073490B-0E3D-4FE2-8309-8C5032514C7C}"
EndProject
Global
	GlobalSection(SolutionConfigurationPlatforms) = preSolution
		Debug|x86 = Debug|x86
		Release|x86 = Release|x86
	EndGlobalSection
	GlobalSection(ProjectConfigurationPlatforms) = postSolution
		{1073490B-0E3D-4FE2-8309-8C5032514C7C}.Debug|x86.ActiveCfg = Debug|x86
		{1073490B-0E3D-4FE2-8309-8C5032514C7C}.Debug|x86.Build.0 = Debug|x86
		{1073490B-0E3D-4FE2-8309-8C5032514C7C}.Release|x86.ActiveCfg = Release|x86
		{1073490B-0E3D-4FE2-8309-8C5032514C7C}.Release|x86.Build.0 = Release|x86
	EndGlobalSection
	GlobalSection(SolutionProperties) = preSolution
		HideSolutionNode = FALSE
	EndGlobalSection
EndGlobal
